
Microsoft Visual Studio Solution File, Format Version 12.00
# Visual Studio Version 16
VisualStudioVersion = 16.0.31729.503
MinimumVisualStudioVersion = 10.0.40219.1
Project("{FAE04EC0-301F-11D3-BF4B-00C04F79EFBC}") = "MixologyInventory.WebMVC", "MixologyInventory.WebMVC\MixologyInventory.WebMVC.csproj", "{DD3D838A-56B4-41C3-9ED1-E360906DD76B}"
EndProject
Project("{FAE04EC0-301F-11D3-BF4B-00C04F79EFBC}") = "MixologyInventory.Data", "MixologyInventory.Data\MixologyInventory.Data.csproj", "{334F08A4-A4DD-45E5-A692-21FBE6C65969}"
EndProject
Project("{FAE04EC0-301F-11D3-BF4B-00C04F79EFBC}") = "MixologyInventory.Model", "MixologyInventory.Modules\MixologyInventory.Model.csproj", "{345558DF-AE61-4EC3-BE50-8BA0DDFB26D5}"
EndProject
Project("{FAE04EC0-301F-11D3-BF4B-00C04F79EFBC}") = "MixologyInventory.Services", "MixologyInventory.Services\MixologyInventory.Services.csproj", "{76D257EB-E86F-4FDA-94AA-D0A086E22168}"
EndProject
Global
	GlobalSection(SolutionConfigurationPlatforms) = preSolution
		Debug|Any CPU = Debug|Any CPU
		Release|Any CPU = Release|Any CPU
	EndGlobalSection
	GlobalSection(ProjectConfigurationPlatforms) = postSolution
		{DD3D838A-56B4-41C3-9ED1-E360906DD76B}.Debug|Any CPU.ActiveCfg = Debug|Any CPU
		{DD3D838A-56B4-41C3-9ED1-E360906DD76B}.Debug|Any CPU.Build.0 = Debug|Any CPU
		{DD3D838A-56B4-41C3-9ED1-E360906DD76B}.Release|Any CPU.ActiveCfg = Release|Any CPU
		{DD3D838A-56B4-41C3-9ED1-E360906DD76B}.Release|Any CPU.Build.0 = Release|Any CPU
		{334F08A4-A4DD-45E5-A692-21FBE6C65969}.Debug|Any CPU.ActiveCfg = Debug|Any CPU
		{334F08A4-A4DD-45E5-A692-21FBE6C65969}.Debug|Any CPU.Build.0 = Debug|Any CPU
		{334F08A4-A4DD-45E5-A692-21FBE6C65969}.Release|Any CPU.ActiveCfg = Release|Any CPU
		{334F08A4-A4DD-45E5-A692-21FBE6C65969}.Release|Any CPU.Build.0 = Release|Any CPU
		{345558DF-AE61-4EC3-BE50-8BA0DDFB26D5}.Debug|Any CPU.ActiveCfg = Debug|Any CPU
		{345558DF-AE61-4EC3-BE50-8BA0DDFB26D5}.Debug|Any CPU.Build.0 = Debug|Any CPU
		{345558DF-AE61-4EC3-BE50-8BA0DDFB26D5}.Release|Any CPU.ActiveCfg = Release|Any CPU
		{345558DF-AE61-4EC3-BE50-8BA0DDFB26D5}.Release|Any CPU.Build.0 = Release|Any CPU
		{76D257EB-E86F-4FDA-94AA-D0A086E22168}.Debug|Any CPU.ActiveCfg = Debug|Any CPU
		{76D257EB-E86F-4FDA-94AA-D0A086E22168}.Debug|Any CPU.Build.0 = Debug|Any CPU
		{76D257EB-E86F-4FDA-94AA-D0A086E22168}.Release|Any CPU.ActiveCfg = Release|Any CPU
		{76D257EB-E86F-4FDA-94AA-D0A086E22168}.Release|Any CPU.Build.0 = Release|Any CPU
	EndGlobalSection
	GlobalSection(SolutionProperties) = preSolution
		HideSolutionNode = FALSE
	EndGlobalSection
	GlobalSection(ExtensibilityGlobals) = postSolution
		SolutionGuid = {C2919FC5-41E1-4305-9A99-A0CEC22CF7D6}
	EndGlobalSection
EndGlobal
